
Microsoft Visual Studio Solution File, Format Version 12.00
# Visual Studio Version 17
VisualStudioVersion = 17.3.32929.385
MinimumVisualStudioVersion = 10.0.40219.1
Project("{9A19103F-16F7-4668-BE54-9A1E7A4F7556}") = "IdentityServer4.5.Storage", "IdentityServer4.5.Storage\IdentityServer4.5.Storage.csproj", "{951FD14E-648F-4814-8A87-762F6EEDAC71}"
EndProject
Global
	GlobalSection(SolutionConfigurationPlatforms) = preSolution
		Debug|Any CPU = Debug|Any CPU
		Release|Any CPU = Release|Any CPU
	EndGlobalSection
	GlobalSection(ProjectConfigurationPlatforms) = postSolution
		{951FD14E-648F-4814-8A87-762F6EEDAC71}.Debug|Any CPU.ActiveCfg = Debug|Any CPU
		{951FD14E-648F-4814-8A87-762F6EEDAC71}.Debug|Any CPU.Build.0 = Debug|Any CPU
		{951FD14E-648F-4814-8A87-762F6EEDAC71}.Release|Any CPU.ActiveCfg = Release|Any CPU
		{951FD14E-648F-4814-8A87-762F6EEDAC71}.Release|Any CPU.Build.0 = Release|Any CPU
	EndGlobalSection
	GlobalSection(SolutionProperties) = preSolution
		HideSolutionNode = FALSE
	EndGlobalSection
	GlobalSection(ExtensibilityGlobals) = postSolution
		SolutionGuid = {0BB69CD4-F6B8-45C7-ABDB-C7322647F34D}
	EndGlobalSection
EndGlobal
